
Microsoft Visual Studio Solution File, Format Version 12.00
# Visual Studio 15
VisualStudioVersion = 15.0.28307.960
MinimumVisualStudioVersion = 10.0.40219.1
Project("{FAE04EC0-301F-11D3-BF4B-00C04F79EFBC}") = "CounterEX", "CounterEX\CounterEX.csproj", "{77F21EA1-B0C5-45FC-8FA9-421BEA2CD2D6}"
EndProject
Global
	GlobalSection(SolutionConfigurationPlatforms) = preSolution
		Debug|Any CPU = Debug|Any CPU
		Release|Any CPU = Release|Any CPU
	EndGlobalSection
	GlobalSection(ProjectConfigurationPlatforms) = postSolution
		{77F21EA1-B0C5-45FC-8FA9-421BEA2CD2D6}.Debug|Any CPU.ActiveCfg = Debug|Any CPU
		{77F21EA1-B0C5-45FC-8FA9-421BEA2CD2D6}.Debug|Any CPU.Build.0 = Debug|Any CPU
		{77F21EA1-B0C5-45FC-8FA9-421BEA2CD2D6}.Release|Any CPU.ActiveCfg = Release|Any CPU
		{77F21EA1-B0C5-45FC-8FA9-421BEA2CD2D6}.Release|Any CPU.Build.0 = Release|Any CPU
	EndGlobalSection
	GlobalSection(SolutionProperties) = preSolution
		HideSolutionNode = FALSE
	EndGlobalSection
	GlobalSection(ExtensibilityGlobals) = postSolution
		SolutionGuid = {16AAD12C-6F45-4F88-A8EB-951E075D8F9D}
	EndGlobalSection
EndGlobal
