
Microsoft Visual Studio Solution File, Format Version 12.00
# Visual Studio 15
VisualStudioVersion = 15.0.28307.960
MinimumVisualStudioVersion = 10.0.40219.1
Project("{2150E333-8FDC-42A3-9474-1A3956D46DE8}") = "Counter", "Counter", "{5959761D-A82E-430B-8685-B6DC9DDB6B68}"
EndProject
Project("{FAE04EC0-301F-11D3-BF4B-00C04F79EFBC}") = "CounterProject", "..\CounterProject\CounterProject.csproj", "{A2426E44-0DAA-43CB-9EDD-49CBD8A05597}"
EndProject
Global
	GlobalSection(SolutionConfigurationPlatforms) = preSolution
		Debug|Any CPU = Debug|Any CPU
		Release|Any CPU = Release|Any CPU
	EndGlobalSection
	GlobalSection(ProjectConfigurationPlatforms) = postSolution
		{A2426E44-0DAA-43CB-9EDD-49CBD8A05597}.Debug|Any CPU.ActiveCfg = Debug|Any CPU
		{A2426E44-0DAA-43CB-9EDD-49CBD8A05597}.Debug|Any CPU.Build.0 = Debug|Any CPU
		{A2426E44-0DAA-43CB-9EDD-49CBD8A05597}.Release|Any CPU.ActiveCfg = Release|Any CPU
		{A2426E44-0DAA-43CB-9EDD-49CBD8A05597}.Release|Any CPU.Build.0 = Release|Any CPU
	EndGlobalSection
	GlobalSection(SolutionProperties) = preSolution
		HideSolutionNode = FALSE
	EndGlobalSection
	GlobalSection(NestedProjects) = preSolution
		{A2426E44-0DAA-43CB-9EDD-49CBD8A05597} = {5959761D-A82E-430B-8685-B6DC9DDB6B68}
	EndGlobalSection
	GlobalSection(ExtensibilityGlobals) = postSolution
		SolutionGuid = {5FCCB0DD-948F-4799-A692-DFED00204301}
	EndGlobalSection
EndGlobal
